
Microsoft Visual Studio Solution File, Format Version 12.00
# Visual Studio 14
VisualStudioVersion = 14.0.23107.0
MinimumVisualStudioVersion = 10.0.40219.1
Project("{FAE04EC0-301F-11D3-BF4B-00C04F79EFBC}") = "BridgeJavascript", "BridgeJavascript\BridgeJavascript.csproj", "{9C12C96B-49A2-4C64-97EA-E93ACB87DAB8}"
EndProject
Project("{FAE04EC0-301F-11D3-BF4B-00C04F79EFBC}") = "ConsoleBridgeJavaScript", "ConsoleBridgeJavaScript\ConsoleBridgeJavaScript.csproj", "{CF5B89FB-3DF0-4B82-A441-834B62B2A4F9}"
EndProject
Global
	GlobalSection(SolutionConfigurationPlatforms) = preSolution
		Debug|Any CPU = Debug|Any CPU
		Release|Any CPU = Release|Any CPU
	EndGlobalSection
	GlobalSection(ProjectConfigurationPlatforms) = postSolution
		{9C12C96B-49A2-4C64-97EA-E93ACB87DAB8}.Debug|Any CPU.ActiveCfg = Debug|Any CPU
		{9C12C96B-49A2-4C64-97EA-E93ACB87DAB8}.Debug|Any CPU.Build.0 = Debug|Any CPU
		{9C12C96B-49A2-4C64-97EA-E93ACB87DAB8}.Release|Any CPU.ActiveCfg = Release|Any CPU
		{9C12C96B-49A2-4C64-97EA-E93ACB87DAB8}.Release|Any CPU.Build.0 = Release|Any CPU
		{CF5B89FB-3DF0-4B82-A441-834B62B2A4F9}.Debug|Any CPU.ActiveCfg = Debug|Any CPU
		{CF5B89FB-3DF0-4B82-A441-834B62B2A4F9}.Debug|Any CPU.Build.0 = Debug|Any CPU
		{CF5B89FB-3DF0-4B82-A441-834B62B2A4F9}.Release|Any CPU.ActiveCfg = Release|Any CPU
		{CF5B89FB-3DF0-4B82-A441-834B62B2A4F9}.Release|Any CPU.Build.0 = Release|Any CPU
	EndGlobalSection
	GlobalSection(SolutionProperties) = preSolution
		HideSolutionNode = FALSE
	EndGlobalSection
EndGlobal
